// !$*UTF8*$!
{
	archiveVersion = 1;
	classes = {
	};
	objectVersion = 46;
	objects = {

/* Begin PBXBuildFile section */
		0ECBD19A1CDCFDAC009AE901 /* main.m in Sources */ = {isa = PBXBuildFile; fileRef = 0ECBD1991CDCFDAC009AE901 /* main.m */; };
		0ECBD1A41CDCFE93009AE901 /* NSString+PigLatin.m in Sources */ = {isa = PBXBuildFile; fileRef = 0ECBD1A31CDCFE93009AE901 /* NSString+PigLatin.m */; };
		0ECBD1A71CDF6798009AE901 /* WordPrompt.m in Sources */ = {isa = PBXBuildFile; fileRef = 0ECBD1A61CDF6798009AE901 /* WordPrompt.m */; };
/* End PBXBuildFile section */

/* Begin PBXCopyFilesBuildPhase section */
		0ECBD1941CDCFDAC009AE901 /* CopyFiles */ = {
			isa = PBXCopyFilesBuildPhase;
			buildActionMask = 2147483647;
			dstPath = /usr/share/man/man1/;
			dstSubfolderSpec = 0;
			files = (
			);
			runOnlyForDeploymentPostprocessing = 1;
		};
/* End PBXCopyFilesBuildPhase section */

/* Begin PBXFileReference section */
		0ECBD1961CDCFDAC009AE901 /* PigLatin060516 */ = {isa = PBXFileReference; explicitFileType = "compiled.mach-o.executable"; includeInIndex = 0; path = PigLatin060516; sourceTree = BUILT_PRODUCTS_DIR; };
		0ECBD1991CDCFDAC009AE901 /* main.m */ = {isa = PBXFileReference; lastKnownFileType = sourcecode.c.objc; path = main.m; sourceTree = "<group>"; };
		0ECBD1A21CDCFE93009AE901 /* NSString+PigLatin.h */ = {isa = PBXFileReference; fileEncoding = 4; lastKnownFileType = sourcecode.c.h; name = "NSString+PigLatin.h"; path = "../NSString+PigLatin.h"; sourceTree = "<group>"; };
		0ECBD1A31CDCFE93009AE901 /* NSString+PigLatin.m */ = {isa = PBXFileReference; fileEncoding = 4; lastKnownFileType = sourcecode.c.objc; name = "NSString+PigLatin.m"; path = "../NSString+PigLatin.m"; sourceTree = "<group>"; };
		0ECBD1A51CDF6798009AE901 /* WordPrompt.h */ = {isa = PBXFileReference; fileEncoding = 4; lastKnownFileType = sourcecode.c.h; path = WordPrompt.h; sourceTree = "<group>"; };
		0ECBD1A61CDF6798009AE901 /* WordPrompt.m */ = {isa = PBXFileReference; fileEncoding = 4; lastKnownFileType = sourcecode.c.objc; path = WordPrompt.m; sourceTree = "<group>"; };
/* End PBXFileReference section */

/* Begin PBXFrameworksBuildPhase section */
		0ECBD1931CDCFDAC009AE901 /* Frameworks */ = {
			isa = PBXFrameworksBuildPhase;
			buildActionMask = 2147483647;
			files = (
			);
			runOnlyForDeploymentPostprocessing = 0;
		};
/* End PBXFrameworksBuildPhase section */

/* Begin PBXGroup section */
		0ECBD18D1CDCFDAC009AE901 = {
			isa = PBXGroup;
			children = (
				0ECBD1981CDCFDAC009AE901 /* PigLatin060516 */,
				0ECBD1971CDCFDAC009AE901 /* Products */,
			);
			sourceTree = "<group>";
		};
		0ECBD1971CDCFDAC009AE901 /* Products */ = {
			isa = PBXGroup;
			children = (
				0ECBD1961CDCFDAC009AE901 /* PigLatin060516 */,
			);
			name = Products;
			sourceTree = "<group>";
		};
		0ECBD1981CDCFDAC009AE901 /* PigLatin060516 */ = {
			isa = PBXGroup;
			children = (
				0ECBD1991CDCFDAC009AE901 /* main.m */,
				0ECBD1A21CDCFE93009AE901 /* NSString+PigLatin.h */,
				0ECBD1A31CDCFE93009AE901 /* NSString+PigLatin.m */,
				0ECBD1A51CDF6798009AE901 /* WordPrompt.h */,
				0ECBD1A61CDF6798009AE901 /* WordPrompt.m */,
			);
			path = PigLatin060516;
			sourceTree = "<group>";
		};
/* End PBXGroup section */

/* Begin PBXNativeTarget section */
		0ECBD1951CDCFDAC009AE901 /* PigLatin060516 */ = {
			isa = PBXNativeTarget;
			buildConfigurationList = 0ECBD19D1CDCFDAC009AE901 /* Build configuration list for PBXNativeTarget "PigLatin060516" */;
			buildPhases = (
				0ECBD1921CDCFDAC009AE901 /* Sources */,
				0ECBD1931CDCFDAC009AE901 /* Frameworks */,
				0ECBD1941CDCFDAC009AE901 /* CopyFiles */,
			);
			buildRules = (
			);
			dependencies = (
			);
			name = PigLatin060516;
			productName = PigLatin060516;
			productReference = 0ECBD1961CDCFDAC009AE901 /* PigLatin060516 */;
			productType = "com.apple.product-type.tool";
		};
/* End PBXNativeTarget section */

/* Begin PBXProject section */
		0ECBD18E1CDCFDAC009AE901 /* Project object */ = {
			isa = PBXProject;
			attributes = {
				LastUpgradeCheck = 0720;
				ORGANIZATIONNAME = YasminA;
				TargetAttributes = {
					0ECBD1951CDCFDAC009AE901 = {
						CreatedOnToolsVersion = 7.2.1;
					};
				};
			};
			buildConfigurationList = 0ECBD1911CDCFDAC009AE901 /* Build configuration list for PBXProject "PigLatin060516" */;
			compatibilityVersion = "Xcode 3.2";
			developmentRegion = English;
			hasScannedForEncodings = 0;
			knownRegions = (
				en,
			);
			mainGroup = 0ECBD18D1CDCFDAC009AE901;
			productRefGroup = 0ECBD1971CDCFDAC009AE901 /* Products */;
			projectDirPath = "";
			projectRoot = "";
			targets = (
				0ECBD1951CDCFDAC009AE901 /* PigLatin060516 */,
			);
		};
/* End PBXProject section */

/* Begin PBXSourcesBuildPhase section */
		0ECBD1921CDCFDAC009AE901 /* Sources */ = {
			isa = PBXSourcesBuildPhase;
			buildActionMask = 2147483647;
			files = (
				0ECBD1A71CDF6798009AE901 /* WordPrompt.m in Sources */,
				0ECBD19A1CDCFDAC009AE901 /* main.m in Sources */,
				0ECBD1A41CDCFE93009AE901 /* NSString+PigLatin.m in Sources */,
			);
			runOnlyForDeploymentPostprocessing = 0;
		};
/* End PBXSourcesBuildPhase section */

/* Begin XCBuildConfiguration section */
		0ECBD19B1CDCFDAC009AE901 /* Debug */ = {
			isa = XCBuildConfiguration;
			buildSettings = {
				ALWAYS_SEARCH_USER_PATHS = NO;
				CLANG_CXX_LANGUAGE_STANDARD = "gnu++0x";
				CLANG_CXX_LIBRARY = "libc++";
				CLANG_ENABLE_MODULES = YES;
				CLANG_ENABLE_OBJC_ARC = YES;
				CLANG_WARN_BOOL_CONVERSION = YES;
				CLANG_WARN_CONSTANT_CONVERSION = YES;
				CLANG_WARN_DIRECT_OBJC_ISA_USAGE = YES_ERROR;
				CLANG_WARN_EMPTY_BODY = YES;
				CLANG_WARN_ENUM_CONVERSION = YES;
				CLANG_WARN_INT_CONVERSION = YES;
				CLANG_WARN_OBJC_ROOT_CLASS = YES_ERROR;
				CLANG_WARN_UNREACHABLE_CODE = YES;
				CLANG_WARN__DUPLICATE_METHOD_MATCH = YES;
				CODE_SIGN_IDENTITY = "-";
				COPY_PHASE_STRIP = NO;
				DEBUG_INFORMATION_FORMAT = dwarf;
				ENABLE_STRICT_OBJC_MSGSEND = YES;
				ENABLE_TESTABILITY = YES;
				GCC_C_LANGUAGE_STANDARD = gnu99;
				GCC_DYNAMIC_NO_PIC = NO;
				GCC_NO_COMMON_BLOCKS = YES;
				GCC_OPTIMIZATION_LEVEL = 0;
				GCC_PREPROCESSOR_DEFINITIONS = (
					"DEBUG=1",
					"$(inherited)",
				);
				GCC_WARN_64_TO_32_BIT_CONVERSION = YES;
				GCC_WARN_ABOUT_RETURN_TYPE = YES_ERROR;
				GCC_WARN_UNDECLARED_SELECTOR = YES;
				GCC_WARN_UNINITIALIZED_AUTOS = YES_AGGRESSIVE;
				GCC_WARN_UNUSED_FUNCTION = YES;
				GCC_WARN_UNUSED_VARIABLE = YES;
				MACOSX_DEPLOYMENT_TARGET = 10.11;
				MTL_ENABLE_DEBUG_INFO = YES;
				ONLY_ACTIVE_ARCH = YES;
				SDKROOT = macosx;
			};
			name = Debug;
		};
		0ECBD19C1CDCFDAC009AE901 /* Release */ = {
			isa = XCBuildConfiguration;
			buildSettings = {
				ALWAYS_SEARCH_USER_PATHS = NO;
				CLANG_CXX_LANGUAGE_STANDARD = "gnu++0x";
				CLANG_CXX_LIBRARY = "libc++";
				CLANG_ENABLE_MODULES = YES;
				CLANG_ENABLE_OBJC_ARC = YES;
				CLANG_WARN_BOOL_CONVERSION = YES;
				CLANG_WARN_CONSTANT_CONVERSION = YES;
				CLANG_WARN_DIRECT_OBJC_ISA_USAGE = YES_ERROR;
				CLANG_WARN_EMPTY_BODY = YES;
				CLANG_WARN_ENUM_CONVERSION = YES;
				CLANG_WARN_INT_CONVERSION = YES;
				CLANG_WARN_OBJC_ROOT_CLASS = YES_ERROR;
				CLANG_WARN_UNREACHABLE_CODE = YES;
				CLANG_WARN__DUPLICATE_METHOD_MATCH = YES;
				CODE_SIGN_IDENTITY = "-";
				COPY_PHASE_STRIP = NO;
				DEBUG_INFORMATION_FORMAT = "dwarf-with-dsym";
				ENABLE_NS_ASSERTIONS = NO;
				ENABLE_STRICT_OBJC_MSGSEND = YES;
				GCC_C_LANGUAGE_STANDARD = gnu99;
				GCC_NO_COMMON_BLOCKS = YES;
				GCC_WARN_64_TO_32_BIT_CONVERSION = YES;
				GCC_WARN_ABOUT_RETURN_TYPE = YES_ERROR;
				GCC_WARN_UNDECLARED_SELECTOR = YES;
				GCC_WARN_UNINITIALIZED_AUTOS = YES_AGGRESSIVE;
				GCC_WARN_UNUSED_FUNCTION = YES;
				GCC_WARN_UNUSED_VARIABLE = YES;
				MACOSX_DEPLOYMENT_TARGET = 10.11;
				MTL_ENABLE_DEBUG_INFO = NO;
				SDKROOT = macosx;
			};
			name = Release;
		};
		0ECBD19E1CDCFDAC009AE901 /* Debug */ = {
			isa = XCBuildConfiguration;
			buildSettings = {
				PRODUCT_NAME = "$(TARGET_NAME)";
			};
			name = Debug;
		};
		0ECBD19F1CDCFDAC009AE901 /* Release */ = {
			isa = XCBuildConfiguration;
			buildSettings = {
				PRODUCT_NAME = "$(TARGET_NAME)";
			};
			name = Release;
		};
/* End XCBuildConfiguration section */

/* Begin XCConfigurationList section */
		0ECBD1911CDCFDAC009AE901 /* Build configuration list for PBXProject "PigLatin060516" */ = {
			isa = XCConfigurationList;
			buildConfigurations = (
				0ECBD19B1CDCFDAC009AE901 /* Debug */,
				0ECBD19C1CDCFDAC009AE901 /* Release */,
			);
			defaultConfigurationIsVisible = 0;
			defaultConfigurationName = Release;
		};
		0ECBD19D1CDCFDAC009AE901 /* Build configuration list for PBXNativeTarget "PigLatin060516" */ = {
			isa = XCConfigurationList;
			buildConfigurations = (
				0ECBD19E1CDCFDAC009AE901 /* Debug */,
				0ECBD19F1CDCFDAC009AE901 /* Release */,
			);
			defaultConfigurationIsVisible = 0;
		};
/* End XCConfigurationList section */
	};
	rootObject = 0ECBD18E1CDCFDAC009AE901 /* Project object */;
}
